
Microsoft Visual Studio Solution File, Format Version 12.00
# Visual Studio Version 16
VisualStudioVersion = 16.0.31410.357
MinimumVisualStudioVersion = 10.0.40219.1
Project("{FAE04EC0-301F-11D3-BF4B-00C04F79EFBC}") = "WinPass11.WinService", "WinPass11.WinService\WinPass11.WinService.csproj", "{A88F42A3-06AA-44E1-99B7-174CC6E73C8C}"
EndProject
Global
	GlobalSection(SolutionConfigurationPlatforms) = preSolution
		Debug|Any CPU = Debug|Any CPU
		Release|Any CPU = Release|Any CPU
	EndGlobalSection
	GlobalSection(ProjectConfigurationPlatforms) = postSolution
		{A88F42A3-06AA-44E1-99B7-174CC6E73C8C}.Debug|Any CPU.ActiveCfg = Debug|Any CPU
		{A88F42A3-06AA-44E1-99B7-174CC6E73C8C}.Debug|Any CPU.Build.0 = Debug|Any CPU
		{A88F42A3-06AA-44E1-99B7-174CC6E73C8C}.Release|Any CPU.ActiveCfg = Release|Any CPU
		{A88F42A3-06AA-44E1-99B7-174CC6E73C8C}.Release|Any CPU.Build.0 = Release|Any CPU
	EndGlobalSection
	GlobalSection(SolutionProperties) = preSolution
		HideSolutionNode = FALSE
	EndGlobalSection
	GlobalSection(ExtensibilityGlobals) = postSolution
		SolutionGuid = {A1BA70A5-9720-4112-BEC2-4C5522C1D56C}
	EndGlobalSection
EndGlobal
